
Microsoft Visual Studio Solution File, Format Version 12.00
# Visual Studio Version 16
VisualStudioVersion = 16.0.33214.272
MinimumVisualStudioVersion = 10.0.40219.1
Project("{FAE04EC0-301F-11D3-BF4B-00C04F79EFBC}") = "MyossUpgradeScheduler", "MyossUpgradeScheduler.csproj", "{E99CDE5F-7905-42A9-AB1B-EB4B3F496B8A}"
EndProject
Global
	GlobalSection(SolutionConfigurationPlatforms) = preSolution
		Debug|Any CPU = Debug|Any CPU
		Release|Any CPU = Release|Any CPU
	EndGlobalSection
	GlobalSection(ProjectConfigurationPlatforms) = postSolution
		{E99CDE5F-7905-42A9-AB1B-EB4B3F496B8A}.Debug|Any CPU.ActiveCfg = Debug|Any CPU
		{E99CDE5F-7905-42A9-AB1B-EB4B3F496B8A}.Debug|Any CPU.Build.0 = Debug|Any CPU
		{E99CDE5F-7905-42A9-AB1B-EB4B3F496B8A}.Release|Any CPU.ActiveCfg = Release|Any CPU
		{E99CDE5F-7905-42A9-AB1B-EB4B3F496B8A}.Release|Any CPU.Build.0 = Release|Any CPU
	EndGlobalSection
	GlobalSection(SolutionProperties) = preSolution
		HideSolutionNode = FALSE
	EndGlobalSection
	GlobalSection(ExtensibilityGlobals) = postSolution
		SolutionGuid = {72CC24D3-099B-40DF-B287-F4875182D01E}
	EndGlobalSection
EndGlobal
